
Microsoft Visual Studio Solution File, Format Version 12.00
# Visual Studio Version 17
VisualStudioVersion = 17.9.34728.123
MinimumVisualStudioVersion = 10.0.40219.1
Project("{8BC9CEB8-8B4A-11D0-8D11-00A0C91BC942}") = "Project15", "Project15\Project15.vcxproj", "{7C6078CD-2D82-43C3-BB0E-46A3A2D7795A}"
EndProject
Global
	GlobalSection(SolutionConfigurationPlatforms) = preSolution
		Debug|x64 = Debug|x64
		Debug|x86 = Debug|x86
		Release|x64 = Release|x64
		Release|x86 = Release|x86
	EndGlobalSection
	GlobalSection(ProjectConfigurationPlatforms) = postSolution
		{7C6078CD-2D82-43C3-BB0E-46A3A2D7795A}.Debug|x64.ActiveCfg = Debug|x64
		{7C6078CD-2D82-43C3-BB0E-46A3A2D7795A}.Debug|x64.Build.0 = Debug|x64
		{7C6078CD-2D82-43C3-BB0E-46A3A2D7795A}.Debug|x86.ActiveCfg = Debug|Win32
		{7C6078CD-2D82-43C3-BB0E-46A3A2D7795A}.Debug|x86.Build.0 = Debug|Win32
		{7C6078CD-2D82-43C3-BB0E-46A3A2D7795A}.Release|x64.ActiveCfg = Release|x64
		{7C6078CD-2D82-43C3-BB0E-46A3A2D7795A}.Release|x64.Build.0 = Release|x64
		{7C6078CD-2D82-43C3-BB0E-46A3A2D7795A}.Release|x86.ActiveCfg = Release|Win32
		{7C6078CD-2D82-43C3-BB0E-46A3A2D7795A}.Release|x86.Build.0 = Release|Win32
	EndGlobalSection
	GlobalSection(SolutionProperties) = preSolution
		HideSolutionNode = FALSE
	EndGlobalSection
	GlobalSection(ExtensibilityGlobals) = postSolution
		SolutionGuid = {657FFC6D-F993-4CB3-AEB4-A50064FA5902}
	EndGlobalSection
EndGlobal
